
Microsoft Visual Studio Solution File, Format Version 12.00
Project("{FAE04EC0-301F-11D3-BF4B-00C04F79EFBC}") = "SurvislandTweaks", "SurvislandTweaks.csproj", "{49BF4247-941E-46E3-A9C2-70DC2CC59B5F}"
EndProject
Global
	GlobalSection(SolutionConfigurationPlatforms) = preSolution
		Debug|Any CPU = Debug|Any CPU
		Release|Any CPU = Release|Any CPU
	EndGlobalSection
	GlobalSection(ProjectConfigurationPlatforms) = postSolution
		{49BF4247-941E-46E3-A9C2-70DC2CC59B5F}.Debug|Any CPU.ActiveCfg = Debug|Any CPU
		{49BF4247-941E-46E3-A9C2-70DC2CC59B5F}.Debug|Any CPU.Build.0 = Debug|Any CPU
		{49BF4247-941E-46E3-A9C2-70DC2CC59B5F}.Release|Any CPU.ActiveCfg = Release|Any CPU
		{49BF4247-941E-46E3-A9C2-70DC2CC59B5F}.Release|Any CPU.Build.0 = Release|Any CPU
	EndGlobalSection
EndGlobal
